
Microsoft Visual Studio Solution File, Format Version 12.00
# Visual Studio Version 17
VisualStudioVersion = 17.6.33815.320
MinimumVisualStudioVersion = 10.0.40219.1
Project("{9A19103F-16F7-4668-BE54-9A1E7A4F7556}") = "FRI_Quiz_Bakalarska_Praca", "FRI_Quiz_Bakalarska_Praca\FRI_Quiz_Bakalarska_Praca.csproj", "{CE35FEB9-E541-4508-BC96-264A13466795}"
EndProject
Project("{2150E333-8FDC-42A3-9474-1A3956D46DE8}") = "DockerDb", "DockerDb", "{314E1A62-FBA9-4700-B167-DB2E948D7F61}"
	ProjectSection(SolutionItems) = preProject
		docker-compose.yml = docker-compose.yml
	EndProjectSection
EndProject
Global
	GlobalSection(SolutionConfigurationPlatforms) = preSolution
		Debug|Any CPU = Debug|Any CPU
		Release|Any CPU = Release|Any CPU
	EndGlobalSection
	GlobalSection(ProjectConfigurationPlatforms) = postSolution
		{CE35FEB9-E541-4508-BC96-264A13466795}.Debug|Any CPU.ActiveCfg = Debug|Any CPU
		{CE35FEB9-E541-4508-BC96-264A13466795}.Debug|Any CPU.Build.0 = Debug|Any CPU
		{CE35FEB9-E541-4508-BC96-264A13466795}.Release|Any CPU.ActiveCfg = Release|Any CPU
		{CE35FEB9-E541-4508-BC96-264A13466795}.Release|Any CPU.Build.0 = Release|Any CPU
	EndGlobalSection
	GlobalSection(SolutionProperties) = preSolution
		HideSolutionNode = FALSE
	EndGlobalSection
	GlobalSection(ExtensibilityGlobals) = postSolution
		SolutionGuid = {761ACCAE-E3EE-4044-8834-ACEE1A9DD6D3}
	EndGlobalSection
EndGlobal
